Microsoft Visual Studio Solution File, Format Version 12.00
# Visual Studio Version 17
VisualStudioVersion = 17.5.2.0
MinimumVisualStudioVersion = 10.0.40219.1
Project("{FAE04EC0-301F-11D3-BF4B-00C04F79EFBC}") = "Sistema Web", "Sistema Web.csproj", "{F29610EC-AE5A-8A0C-0DD3-A1E7D2FDFCD7}"
EndProject
Global
	GlobalSection(SolutionConfigurationPlatforms) = preSolution
		Debug|Any CPU = Debug|Any CPU
		Release|Any CPU = Release|Any CPU
	EndGlobalSection
	GlobalSection(ProjectConfigurationPlatforms) = postSolution
		{F29610EC-AE5A-8A0C-0DD3-A1E7D2FDFCD7}.Debug|Any CPU.ActiveCfg = Debug|Any CPU
		{F29610EC-AE5A-8A0C-0DD3-A1E7D2FDFCD7}.Debug|Any CPU.Build.0 = Debug|Any CPU
		{F29610EC-AE5A-8A0C-0DD3-A1E7D2FDFCD7}.Release|Any CPU.ActiveCfg = Release|Any CPU
		{F29610EC-AE5A-8A0C-0DD3-A1E7D2FDFCD7}.Release|Any CPU.Build.0 = Release|Any CPU
	EndGlobalSection
	GlobalSection(SolutionProperties) = preSolution
		HideSolutionNode = FALSE
	EndGlobalSection
	GlobalSection(ExtensibilityGlobals) = postSolution
		SolutionGuid = {5AA4B30D-2191-443B-BD6E-43AA278A57AB}
	EndGlobalSection
EndGlobal
